// !$*UTF8*$!
{
	archiveVersion = 1;
	classes = {
	};
	objectVersion = 77;
	objects = {

/* Begin PBXContainerItemProxy section */
		07A58E22305914D300D9CA9F /* PBXContainerItemProxy */ = {
			isa = PBXContainerItemProxy;
			containerPortal = 07A58E0C305914D100D9CA9F /* Project object */;
			proxyType = 1;
			remoteGlobalIDString = 07A58E13305914D100D9CA9F;
			remoteInfo = BlazaresSpaces;
		};
		07A58E2C305914D300D9CA9F /* PBXContainerItemProxy */ = {
			isa = PBXContainerItemProxy;
			containerPortal = 07A58E0C305914D100D9CA9F /* Project object */;
			proxyType = 1;
			remoteGlobalIDString = 07A58E13305914D100D9CA9F;
			remoteInfo = BlazaresSpaces;
		};
/* End PBXContainerItemProxy section */

/* Begin PBXFileReference section */
		07A58E14305914D100D9CA9F /* BlazaresSpaces.app */ = {isa = PBXFileReference; explicitFileType = wrapper.application; includeInIndex = 0; path = BlazaresSpaces.app; sourceTree = BUILT_PRODUCTS_DIR; };
		07A58E21305914D300D9CA9F /* BlazaresSpacesTests.xctest */ = {isa = PBXFileReference; explicitFileType = wrapper.cfbundle; includeInIndex = 0; path = BlazaresSpacesTests.xctest; sourceTree = BUILT_PRODUCTS_DIR; };
		07A58E2B305914D300D9CA9F /* BlazaresSpacesUITests.xctest */ = {isa = PBXFileReference; explicitFileType = wrapper.cfbundle; includeInIndex = 0; path = BlazaresSpacesUITests.xctest; sourceTree = BUILT_PRODUCTS_DIR; };
/* End PBXFileReference section */

/* Begin PBXFileSystemSynchronizedRootGroup section */
		07A58E16305914D100D9CA9F /* BlazaresSpaces */ = {
			isa = PBXFileSystemSynchronizedRootGroup;
			path = BlazaresSpaces;
			sourceTree = "<group>";
		};
		07A58E24305914D300D9CA9F /* BlazaresSpacesTests */ = {
			isa = PBXFileSystemSynchronizedRootGroup;
			path = BlazaresSpacesTests;
			sourceTree = "<group>";
		};
		07A58E2E305914D300D9CA9F /* BlazaresSpacesUITests */ = {
			isa = PBXFileSystemSynchronizedRootGroup;
			path = BlazaresSpacesUITests;
			sourceTree = "<group>";
		};
/* End PBXFileSystemSynchronizedRootGroup section */

/* Begin PBXFrameworksBuildPhase section */
		07A58E11305914D100D9CA9F /* Frameworks */ = {
			isa = PBXFrameworksBuildPhase;
			buildActionMask = 2147483647;
			files = (
			);
			runOnlyForDeploymentPostprocessing = 0;
		};
		07A58E1E305914D300D9CA9F /* Frameworks */ = {
			isa = PBXFrameworksBuildPhase;
			buildActionMask = 2147483647;
			files = (
			);
			runOnlyForDeploymentPostprocessing = 0;
		};
		07A58E28305914D300D9CA9F /* Frameworks */ = {
			isa = PBXFrameworksBuildPhase;
			buildActionMask = 2147483647;
			files = (
			);
			runOnlyForDeploymentPostprocessing = 0;
		};
/* End PBXFrameworksBuildPhase section */

/* Begin PBXGroup section */
		07A58E0B305914D100D9CA9F = {
			isa = PBXGroup;
			children = (
				07A58E16305914D100D9CA9F /* BlazaresSpaces */,
				07A58E24305914D300D9CA9F /* BlazaresSpacesTests */,
				07A58E2E305914D300D9CA9F /* BlazaresSpacesUITests */,
				07A58E15305914D100D9CA9F /* Products */,
			);
			sourceTree = "<group>";
		};
		07A58E15305914D100D9CA9F /* Products */ = {
			isa = PBXGroup;
			children = (
				07A58E14305914D100D9CA9F /* BlazaresSpaces.app */,
				07A58E21305914D300D9CA9F /* BlazaresSpacesTests.xctest */,
				07A58E2B305914D300D9CA9F /* BlazaresSpacesUITests.xctest */,
			);
			name = Products;
			sourceTree = "<group>";
		};
/* End PBXGroup section */

/* Begin PBXNativeTarget section */
		07A58E13305914D100D9CA9F /* BlazaresSpaces */ = {
			isa = PBXNativeTarget;
			buildConfigurationList = 07A58E35305914D300D9CA9F /* Build configuration list for PBXNativeTarget "BlazaresSpaces" */;
			buildPhases = (
				07A58E10305914D100D9CA9F /* Sources */,
				07A58E11305914D100D9CA9F /* Frameworks */,
				07A58E12305914D100D9CA9F /* Resources */,
			);
			buildRules = (
			);
			dependencies = (
			);
			fileSystemSynchronizedGroups = (
				07A58E16305914D100D9CA9F /* BlazaresSpaces */,
			);
			name = BlazaresSpaces;
			packageProductDependencies = (
			);
			productName = BlazaresSpaces;
			productReference = 07A58E14305914D100D9CA9F /* BlazaresSpaces.app */;
			productType = "com.apple.product-type.application";
		};
		07A58E20305914D300D9CA9F /* BlazaresSpacesTests */ = {
			isa = PBXNativeTarget;
			buildConfigurationList = 07A58E38305914D300D9CA9F /* Build configuration list for PBXNativeTarget "BlazaresSpacesTests" */;
			buildPhases = (
				07A58E1D305914D300D9CA9F /* Sources */,
				07A58E1E305914D300D9CA9F /* Frameworks */,
				07A58E1F305914D300D9CA9F /* Resources */,
			);
			buildRules = (
			);
			dependencies = (
				07A58E23305914D300D9CA9F /* PBXTargetDependency */,
			);
			fileSystemSynchronizedGroups = (
				07A58E24305914D300D9CA9F /* BlazaresSpacesTests */,
			);
			name = BlazaresSpacesTests;
			packageProductDependencies = (
			);
			productName = BlazaresSpacesTests;
			productReference = 07A58E21305914D300D9CA9F /* BlazaresSpacesTests.xctest */;
			productType = "com.apple.product-type.bundle.unit-test";
		};
		07A58E2A305914D300D9CA9F /* BlazaresSpacesUITests */ = {
			isa = PBXNativeTarget;
			buildConfigurationList = 07A58E3B305914D300D9CA9F /* Build configuration list for PBXNativeTarget "BlazaresSpacesUITests" */;
			buildPhases = (
				07A58E27305914D300D9CA9F /* Sources */,
				07A58E28305914D300D9CA9F /* Frameworks */,
				07A58E29305914D300D9CA9F /* Resources */,
			);
			buildRules = (
			);
			dependencies = (
				07A58E2D305914D300D9CA9F /* PBXTargetDependency */,
			);
			fileSystemSynchronizedGroups = (
				07A58E2E305914D300D9CA9F /* BlazaresSpacesUITests */,
			);
			name = BlazaresSpacesUITests;
			packageProductDependencies = (
			);
			productName = BlazaresSpacesUITests;
			productReference = 07A58E2B305914D300D9CA9F /* BlazaresSpacesUITests.xctest */;
			productType = "com.apple.product-type.bundle.ui-testing";
		};
/* End PBXNativeTarget section */

/* Begin PBXProject section */
		07A58E0C305914D100D9CA9F /* Project object */ = {
			isa = PBXProject;
			attributes = {
				BuildIndependentTargetsInParallel = 1;
				LastSwiftUpdateCheck = 2660;
				LastUpgradeCheck = 2660;
				TargetAttributes = {
					07A58E13305914D100D9CA9F = {
						CreatedOnToolsVersion = 26.6;
					};
					07A58E20305914D300D9CA9F = {
						CreatedOnToolsVersion = 26.6;
						TestTargetID = 07A58E13305914D100D9CA9F;
					};
					07A58E2A305914D300D9CA9F = {
						CreatedOnToolsVersion = 26.6;
						TestTargetID = 07A58E13305914D100D9CA9F;
					};
				};
			};
			buildConfigurationList = 07A58E0F305914D100D9CA9F /* Build configuration list for PBXProject "BlazaresSpaces" */;
			developmentRegion = en;
			hasScannedForEncodings = 0;
			knownRegions = (
				en,
				Base,
			);
			mainGroup = 07A58E0B305914D100D9CA9F;
			minimizedProjectReferenceProxies = 1;
			preferredProjectObjectVersion = 77;
			productRefGroup = 07A58E15305914D100D9CA9F /* Products */;
			projectDirPath = "";
			projectRoot = "";
			targets = (
				07A58E13305914D100D9CA9F /* BlazaresSpaces */,
				07A58E20305914D300D9CA9F /* BlazaresSpacesTests */,
				07A58E2A305914D300D9CA9F /* BlazaresSpacesUITests */,
			);
		};
/* End PBXProject section */

/* Begin PBXResourcesBuildPhase section */
		07A58E12305914D100D9CA9F /* Resources */ = {
			isa = PBXResourcesBuildPhase;
			buildActionMask = 2147483647;
			files = (
			);
			runOnlyForDeploymentPostprocessing = 0;
		};
		07A58E1F305914D300D9CA9F /* Resources */ = {
			isa = PBXResourcesBuildPhase;
			buildActionMask = 2147483647;
			files = (
			);
			runOnlyForDeploymentPostprocessing = 0;
		};
		07A58E29305914D300D9CA9F /* Resources */ = {
			isa = PBXResourcesBuildPhase;
			buildActionMask = 2147483647;
			files = (
			);
			runOnlyForDeploymentPostprocessing = 0;
		};
/* End PBXResourcesBuildPhase section */

/* Begin PBXSourcesBuildPhase section */
		07A58E10305914D100D9CA9F /* Sources */ = {
			isa = PBXSourcesBuildPhase;
			buildActionMask = 2147483647;
			files = (
			);
			runOnlyForDeploymentPostprocessing = 0;
		};
		07A58E1D305914D300D9CA9F /* Sources */ = {
			isa = PBXSourcesBuildPhase;
			buildActionMask = 2147483647;
			files = (
			);
			runOnlyForDeploymentPostprocessing = 0;
		};
		07A58E27305914D300D9CA9F /* Sources */ = {
			isa = PBXSourcesBuildPhase;
			buildActionMask = 2147483647;
			files = (
			);
			runOnlyForDeploymentPostprocessing = 0;
		};
/* End PBXSourcesBuildPhase section */

/* Begin PBXTargetDependency section */
		07A58E23305914D300D9CA9F /* PBXTargetDependency */ = {
			isa = PBXTargetDependency;
			target = 07A58E13305914D100D9CA9F /* BlazaresSpaces */;
			targetProxy = 07A58E22305914D300D9CA9F /* PBXContainerItemProxy */;
		};
		07A58E2D305914D300D9CA9F /* PBXTargetDependency */ = {
			isa = PBXTargetDependency;
			target = 07A58E13305914D100D9CA9F /* BlazaresSpaces */;
			targetProxy = 07A58E2C305914D300D9CA9F /* PBXContainerItemProxy */;
		};
/* End PBXTargetDependency section */

/* Begin XCBuildConfiguration section */
		07A58E33305914D300D9CA9F /* Debug */ = {
			isa = XCBuildConfiguration;
			buildSettings = {
				ALWAYS_SEARCH_USER_PATHS = NO;
				ASSETCATALOG_COMPILER_GENERATE_SWIFT_ASSET_SYMBOL_EXTENSIONS = YES;
				CLANG_ANALYZER_NONNULL = YES;
				CLANG_ANALYZER_NUMBER_OBJECT_CONVERSION = YES_AGGRESSIVE;
				CLANG_CXX_LANGUAGE_STANDARD = "gnu++20";
				CLANG_ENABLE_MODULES = YES;
				CLANG_ENABLE_OBJC_ARC = YES;
				CLANG_ENABLE_OBJC_WEAK = YES;
				CLANG_WARN_BLOCK_CAPTURE_AUTORELEASING = YES;
				CLANG_WARN_BOOL_CONVERSION = YES;
				CLANG_WARN_COMMA = YES;
				CLANG_WARN_CONSTANT_CONVERSION = YES;
				CLANG_WARN_DEPRECATED_OBJC_IMPLEMENTATIONS = YES;
				CLANG_WARN_DIRECT_OBJC_ISA_USAGE = YES_ERROR;
				CLANG_WARN_DOCUMENTATION_COMMENTS = YES;
				CLANG_WARN_EMPTY_BODY = YES;
				CLANG_WARN_ENUM_CONVERSION = YES;
				CLANG_WARN_INFINITE_RECURSION = YES;
				CLANG_WARN_INT_CONVERSION = YES;
				CLANG_WARN_NON_LITERAL_NULL_CONVERSION = YES;
				CLANG_WARN_OBJC_IMPLICIT_RETAIN_SELF = YES;
				CLANG_WARN_OBJC_LITERAL_CONVERSION = YES;
				CLANG_WARN_OBJC_ROOT_CLASS = YES_ERROR;
				CLANG_WARN_QUOTED_INCLUDE_IN_FRAMEWORK_HEADER = YES;
				CLANG_WARN_RANGE_LOOP_ANALYSIS = YES;
				CLANG_WARN_STRICT_PROTOTYPES = YES;
				CLANG_WARN_SUSPICIOUS_MOVE = YES;
				CLANG_WARN_UNGUARDED_AVAILABILITY = YES_AGGRESSIVE;
				CLANG_WARN_UNREACHABLE_CODE = YES;
				CLANG_WARN__DUPLICATE_METHOD_MATCH = YES;
				COPY_PHASE_STRIP = NO;
				DEBUG_INFORMATION_FORMAT = dwarf;
				ENABLE_STRICT_OBJC_MSGSEND = YES;
				ENABLE_TESTABILITY = YES;
				ENABLE_USER_SCRIPT_SANDBOXING = YES;
				GCC_C_LANGUAGE_STANDARD = gnu17;
				GCC_DYNAMIC_NO_PIC = NO;
				GCC_NO_COMMON_BLOCKS = YES;
				GCC_OPTIMIZATION_LEVEL = 0;
				GCC_PREPROCESSOR_DEFINITIONS = (
					"DEBUG=1",
					"$(inherited)",
				);
				GCC_WARN_64_TO_32_BIT_CONVERSION = YES;
				GCC_WARN_ABOUT_RETURN_TYPE = YES_ERROR;
				GCC_WARN_UNDECLARED_SELECTOR = YES;
				GCC_WARN_UNINITIALIZED_AUTOS = YES_AGGRESSIVE;
				GCC_WARN_UNUSED_FUNCTION = YES;
				GCC_WARN_UNUSED_VARIABLE = YES;
				LOCALIZATION_PREFERS_STRING_CATALOGS = YES;
				MACOSX_DEPLOYMENT_TARGET = 26.5;
				MTL_ENABLE_DEBUG_INFO = INCLUDE_SOURCE;
				MTL_FAST_MATH = YES;
				ONLY_ACTIVE_ARCH = YES;
				SDKROOT = macosx;
				SWIFT_ACTIVE_COMPILATION_CONDITIONS = "DEBUG $(inherited)";
				SWIFT_OPTIMIZATION_LEVEL = "-Onone";
			};
			name = Debug;
		};
		07A58E34305914D300D9CA9F /* Release */ = {
			isa = XCBuildConfiguration;
			buildSettings = {
				ALWAYS_SEARCH_USER_PATHS = NO;
				ASSETCATALOG_COMPILER_GENERATE_SWIFT_ASSET_SYMBOL_EXTENSIONS = YES;
				CLANG_ANALYZER_NONNULL = YES;
				CLANG_ANALYZER_NUMBER_OBJECT_CONVERSION = YES_AGGRESSIVE;
				CLANG_CXX_LANGUAGE_STANDARD = "gnu++20";
				CLANG_ENABLE_MODULES = YES;
				CLANG_ENABLE_OBJC_ARC = YES;
				CLANG_ENABLE_OBJC_WEAK = YES;
				CLANG_WARN_BLOCK_CAPTURE_AUTORELEASING = YES;
				CLANG_WARN_BOOL_CONVERSION = YES;
				CLANG_WARN_COMMA = YES;
				CLANG_WARN_CONSTANT_CONVERSION = YES;
				CLANG_WARN_DEPRECATED_OBJC_IMPLEMENTATIONS = YES;
				CLANG_WARN_DIRECT_OBJC_ISA_USAGE = YES_ERROR;
				CLANG_WARN_DOCUMENTATION_COMMENTS = YES;
				CLANG_WARN_EMPTY_BODY = YES;
				CLANG_WARN_ENUM_CONVERSION = YES;
				CLANG_WARN_INFINITE_RECURSION = YES;
				CLANG_WARN_INT_CONVERSION = YES;
				CLANG_WARN_NON_LITERAL_NULL_CONVERSION = YES;
				CLANG_WARN_OBJC_IMPLICIT_RETAIN_SELF = YES;
				CLANG_WARN_OBJC_LITERAL_CONVERSION = YES;
				CLANG_WARN_OBJC_ROOT_CLASS = YES_ERROR;
				CLANG_WARN_QUOTED_INCLUDE_IN_FRAMEWORK_HEADER = YES;
				CLANG_WARN_RANGE_LOOP_ANALYSIS = YES;
				CLANG_WARN_STRICT_PROTOTYPES = YES;
				CLANG_WARN_SUSPICIOUS_MOVE = YES;
				CLANG_WARN_UNGUARDED_AVAILABILITY = YES_AGGRESSIVE;
				CLANG_WARN_UNREACHABLE_CODE = YES;
				CLANG_WARN__DUPLICATE_METHOD_MATCH = YES;
				COPY_PHASE_STRIP = NO;
				DEBUG_INFORMATION_FORMAT = "dwarf-with-dsym";
				ENABLE_NS_ASSERTIONS = NO;
				ENABLE_STRICT_OBJC_MSGSEND = YES;
				ENABLE_USER_SCRIPT_SANDBOXING = YES;
				GCC_C_LANGUAGE_STANDARD = gnu17;
				GCC_NO_COMMON_BLOCKS = YES;
				GCC_WARN_64_TO_32_BIT_CONVERSION = YES;
				GCC_WARN_ABOUT_RETURN_TYPE = YES_ERROR;
				GCC_WARN_UNDECLARED_SELECTOR = YES;
				GCC_WARN_UNINITIALIZED_AUTOS = YES_AGGRESSIVE;
				GCC_WARN_UNUSED_FUNCTION = YES;
				GCC_WARN_UNUSED_VARIABLE = YES;
				LOCALIZATION_PREFERS_STRING_CATALOGS = YES;
				MACOSX_DEPLOYMENT_TARGET = 26.5;
				MTL_ENABLE_DEBUG_INFO = NO;
				MTL_FAST_MATH = YES;
				SDKROOT = macosx;
				SWIFT_COMPILATION_MODE = wholemodule;
			};
			name = Release;
		};
		07A58E36305914D300D9CA9F /* Debug */ = {
			isa = XCBuildConfiguration;
			buildSettings = {
				ASSETCATALOG_COMPILER_APPICON_NAME = AppIcon;
				ASSETCATALOG_COMPILER_GLOBAL_ACCENT_COLOR_NAME = AccentColor;
				CODE_SIGN_STYLE = Automatic;
				COMBINE_HIDPI_IMAGES = YES;
				CURRENT_PROJECT_VERSION = 1;
				ENABLE_APP_SANDBOX = NO;
				ENABLE_PREVIEWS = YES;
				ENABLE_USER_SELECTED_FILES = readonly;
				GENERATE_INFOPLIST_FILE = YES;
				INFOPLIST_KEY_NSHumanReadableCopyright = "";
				LD_RUNPATH_SEARCH_PATHS = (
					"$(inherited)",
					"@executable_path/../Frameworks",
				);
				MARKETING_VERSION = 1.0;
				PRODUCT_BUNDLE_IDENTIFIER = com.scherenhaenden.BlazaresSpaces;
				PRODUCT_NAME = "$(TARGET_NAME)";
				REGISTER_APP_GROUPS = YES;
				STRING_CATALOG_GENERATE_SYMBOLS = YES;
				SWIFT_APPROACHABLE_CONCURRENCY = YES;
				SWIFT_DEFAULT_ACTOR_ISOLATION = MainActor;
				SWIFT_EMIT_LOC_STRINGS = YES;
				SWIFT_UPCOMING_FEATURE_MEMBER_IMPORT_VISIBILITY = YES;
				SWIFT_VERSION = 5.0;
			};
			name = Debug;
		};
		07A58E37305914D300D9CA9F /* Release */ = {
			isa = XCBuildConfiguration;
			buildSettings = {
				ASSETCATALOG_COMPILER_APPICON_NAME = AppIcon;
				ASSETCATALOG_COMPILER_GLOBAL_ACCENT_COLOR_NAME = AccentColor;
				CODE_SIGN_STYLE = Automatic;
				COMBINE_HIDPI_IMAGES = YES;
				CURRENT_PROJECT_VERSION = 1;
				ENABLE_APP_SANDBOX = NO;
				ENABLE_PREVIEWS = YES;
				ENABLE_USER_SELECTED_FILES = readonly;
				GENERATE_INFOPLIST_FILE = YES;
				INFOPLIST_KEY_NSHumanReadableCopyright = "";
				LD_RUNPATH_SEARCH_PATHS = (
					"$(inherited)",
					"@executable_path/../Frameworks",
				);
				MARKETING_VERSION = 1.0;
				PRODUCT_BUNDLE_IDENTIFIER = com.scherenhaenden.BlazaresSpaces;
				PRODUCT_NAME = "$(TARGET_NAME)";
				REGISTER_APP_GROUPS = YES;
				STRING_CATALOG_GENERATE_SYMBOLS = YES;
				SWIFT_APPROACHABLE_CONCURRENCY = YES;
				SWIFT_DEFAULT_ACTOR_ISOLATION = MainActor;
				SWIFT_EMIT_LOC_STRINGS = YES;
				SWIFT_UPCOMING_FEATURE_MEMBER_IMPORT_VISIBILITY = YES;
				SWIFT_VERSION = 5.0;
			};
			name = Release;
		};
		07A58E39305914D300D9CA9F /* Debug */ = {
			isa = XCBuildConfiguration;
			buildSettings = {
				BUNDLE_LOADER = "$(TEST_HOST)";
				CODE_SIGN_STYLE = Automatic;
				CURRENT_PROJECT_VERSION = 1;
				GENERATE_INFOPLIST_FILE = YES;
				MACOSX_DEPLOYMENT_TARGET = 26.5;
				MARKETING_VERSION = 1.0;
				PRODUCT_BUNDLE_IDENTIFIER = com.scherenhaenden.BlazaresSpacesTests;
				PRODUCT_NAME = "$(TARGET_NAME)";
				STRING_CATALOG_GENERATE_SYMBOLS = NO;
				SWIFT_APPROACHABLE_CONCURRENCY = YES;
				SWIFT_EMIT_LOC_STRINGS = NO;
				SWIFT_UPCOMING_FEATURE_MEMBER_IMPORT_VISIBILITY = YES;
				SWIFT_VERSION = 5.0;
				TEST_HOST = "$(BUILT_PRODUCTS_DIR)/BlazaresSpaces.app/$(BUNDLE_EXECUTABLE_FOLDER_PATH)/BlazaresSpaces";
			};
			name = Debug;
		};
		07A58E3A305914D300D9CA9F /* Release */ = {
			isa = XCBuildConfiguration;
			buildSettings = {
				BUNDLE_LOADER = "$(TEST_HOST)";
				CODE_SIGN_STYLE = Automatic;
				CURRENT_PROJECT_VERSION = 1;
				GENERATE_INFOPLIST_FILE = YES;
				MACOSX_DEPLOYMENT_TARGET = 26.5;
				MARKETING_VERSION = 1.0;
				PRODUCT_BUNDLE_IDENTIFIER = com.scherenhaenden.BlazaresSpacesTests;
				PRODUCT_NAME = "$(TARGET_NAME)";
				STRING_CATALOG_GENERATE_SYMBOLS = NO;
				SWIFT_APPROACHABLE_CONCURRENCY = YES;
				SWIFT_EMIT_LOC_STRINGS = NO;
				SWIFT_UPCOMING_FEATURE_MEMBER_IMPORT_VISIBILITY = YES;
				SWIFT_VERSION = 5.0;
				TEST_HOST = "$(BUILT_PRODUCTS_DIR)/BlazaresSpaces.app/$(BUNDLE_EXECUTABLE_FOLDER_PATH)/BlazaresSpaces";
			};
			name = Release;
		};
		07A58E3C305914D300D9CA9F /* Debug */ = {
			isa = XCBuildConfiguration;
			buildSettings = {
				CODE_SIGN_STYLE = Automatic;
				CURRENT_PROJECT_VERSION = 1;
				GENERATE_INFOPLIST_FILE = YES;
				MARKETING_VERSION = 1.0;
				PRODUCT_BUNDLE_IDENTIFIER = com.scherenhaenden.BlazaresSpacesUITests;
				PRODUCT_NAME = "$(TARGET_NAME)";
				STRING_CATALOG_GENERATE_SYMBOLS = NO;
				SWIFT_APPROACHABLE_CONCURRENCY = YES;
				SWIFT_EMIT_LOC_STRINGS = NO;
				SWIFT_UPCOMING_FEATURE_MEMBER_IMPORT_VISIBILITY = YES;
				SWIFT_VERSION = 5.0;
				TEST_TARGET_NAME = BlazaresSpaces;
			};
			name = Debug;
		};
		07A58E3D305914D300D9CA9F /* Release */ = {
			isa = XCBuildConfiguration;
			buildSettings = {
				CODE_SIGN_STYLE = Automatic;
				CURRENT_PROJECT_VERSION = 1;
				GENERATE_INFOPLIST_FILE = YES;
				MARKETING_VERSION = 1.0;
				PRODUCT_BUNDLE_IDENTIFIER = com.scherenhaenden.BlazaresSpacesUITests;
				PRODUCT_NAME = "$(TARGET_NAME)";
				STRING_CATALOG_GENERATE_SYMBOLS = NO;
				SWIFT_APPROACHABLE_CONCURRENCY = YES;
				SWIFT_EMIT_LOC_STRINGS = NO;
				SWIFT_UPCOMING_FEATURE_MEMBER_IMPORT_VISIBILITY = YES;
				SWIFT_VERSION = 5.0;
				TEST_TARGET_NAME = BlazaresSpaces;
			};
			name = Release;
		};
/* End XCBuildConfiguration section */

/* Begin XCConfigurationList section */
		07A58E0F305914D100D9CA9F /* Build configuration list for PBXProject "BlazaresSpaces" */ = {
			isa = XCConfigurationList;
			buildConfigurations = (
				07A58E33305914D300D9CA9F /* Debug */,
				07A58E34305914D300D9CA9F /* Release */,
			);
			defaultConfigurationIsVisible = 0;
			defaultConfigurationName = Release;
		};
		07A58E35305914D300D9CA9F /* Build configuration list for PBXNativeTarget "BlazaresSpaces" */ = {
			isa = XCConfigurationList;
			buildConfigurations = (
				07A58E36305914D300D9CA9F /* Debug */,
				07A58E37305914D300D9CA9F /* Release */,
			);
			defaultConfigurationIsVisible = 0;
			defaultConfigurationName = Release;
		};
		07A58E38305914D300D9CA9F /* Build configuration list for PBXNativeTarget "BlazaresSpacesTests" */ = {
			isa = XCConfigurationList;
			buildConfigurations = (
				07A58E39305914D300D9CA9F /* Debug */,
				07A58E3A305914D300D9CA9F /* Release */,
			);
			defaultConfigurationIsVisible = 0;
			defaultConfigurationName = Release;
		};
		07A58E3B305914D300D9CA9F /* Build configuration list for PBXNativeTarget "BlazaresSpacesUITests" */ = {
			isa = XCConfigurationList;
			buildConfigurations = (
				07A58E3C305914D300D9CA9F /* Debug */,
				07A58E3D305914D300D9CA9F /* Release */,
			);
			defaultConfigurationIsVisible = 0;
			defaultConfigurationName = Release;
		};
/* End XCConfigurationList section */
	};
	rootObject = 07A58E0C305914D100D9CA9F /* Project object */;
}
